
Microsoft Visual Studio Solution File, Format Version 11.00
# Visual Studio 2010
Project("{FAE04EC0-301F-11D3-BF4B-00C04F79EFBC}") = "SportsStore.Domain", "SportsStore.Domain\SportsStore.Domain.csproj", "{EFB7E8AE-40B5-46EE-967A-C62DC68B7731}"
EndProject
Project("{FAE04EC0-301F-11D3-BF4B-00C04F79EFBC}") = "SportsStore.WebUI", "SportsStore.WebUI\SportsStore.WebUI.csproj", "{6D700419-F0C8-4FD1-BB61-BFBE035ED446}"
EndProject
Global
	GlobalSection(SolutionConfigurationPlatforms) = preSolution
		Debug|Any CPU = Debug|Any CPU
		Debug|Mixed Platforms = Debug|Mixed Platforms
		Debug|x86 = Debug|x86
		Release|Any CPU = Release|Any CPU
		Release|Mixed Platforms = Release|Mixed Platforms
		Release|x86 = Release|x86
	EndGlobalSection
	GlobalSection(ProjectConfigurationPlatforms) = postSolution
		{EFB7E8AE-40B5-46EE-967A-C62DC68B7731}.Debug|Any CPU.ActiveCfg = Debug|Any CPU
		{EFB7E8AE-40B5-46EE-967A-C62DC68B7731}.Debug|Any CPU.Build.0 = Debug|Any CPU
		{EFB7E8AE-40B5-46EE-967A-C62DC68B7731}.Debug|Mixed Platforms.ActiveCfg = Debug|Any CPU
		{EFB7E8AE-40B5-46EE-967A-C62DC68B7731}.Debug|Mixed Platforms.Build.0 = Debug|Any CPU
		{EFB7E8AE-40B5-46EE-967A-C62DC68B7731}.Debug|x86.ActiveCfg = Debug|Any CPU
		{EFB7E8AE-40B5-46EE-967A-C62DC68B7731}.Release|Any CPU.ActiveCfg = Release|Any CPU
		{EFB7E8AE-40B5-46EE-967A-C62DC68B7731}.Release|Any CPU.Build.0 = Release|Any CPU
		{EFB7E8AE-40B5-46EE-967A-C62DC68B7731}.Release|Mixed Platforms.ActiveCfg = Release|Any CPU
		{EFB7E8AE-40B5-46EE-967A-C62DC68B7731}.Release|Mixed Platforms.Build.0 = Release|Any CPU
		{EFB7E8AE-40B5-46EE-967A-C62DC68B7731}.Release|x86.ActiveCfg = Release|Any CPU
		{6D700419-F0C8-4FD1-BB61-BFBE035ED446}.Debug|Any CPU.ActiveCfg = Debug|Any CPU
		{6D700419-F0C8-4FD1-BB61-BFBE035ED446}.Debug|Any CPU.Build.0 = Debug|Any CPU
		{6D700419-F0C8-4FD1-BB61-BFBE035ED446}.Debug|Mixed Platforms.ActiveCfg = Debug|Any CPU
		{6D700419-F0C8-4FD1-BB61-BFBE035ED446}.Debug|Mixed Platforms.Build.0 = Debug|Any CPU
		{6D700419-F0C8-4FD1-BB61-BFBE035ED446}.Debug|x86.ActiveCfg = Debug|Any CPU
		{6D700419-F0C8-4FD1-BB61-BFBE035ED446}.Release|Any CPU.ActiveCfg = Release|Any CPU
		{6D700419-F0C8-4FD1-BB61-BFBE035ED446}.Release|Any CPU.Build.0 = Release|Any CPU
		{6D700419-F0C8-4FD1-BB61-BFBE035ED446}.Release|Mixed Platforms.ActiveCfg = Release|Any CPU
		{6D700419-F0C8-4FD1-BB61-BFBE035ED446}.Release|Mixed Platforms.Build.0 = Release|Any CPU
		{6D700419-F0C8-4FD1-BB61-BFBE035ED446}.Release|x86.ActiveCfg = Release|Any CPU
	EndGlobalSection
	GlobalSection(SolutionProperties) = preSolution
		HideSolutionNode = FALSE
	EndGlobalSection
EndGlobal
